
Microsoft Visual Studio Solution File, Format Version 12.00
# Visual Studio Version 16
VisualStudioVersion = 16.0.30309.148
MinimumVisualStudioVersion = 10.0.40219.1
Project("{FAE04EC0-301F-11D3-BF4B-00C04F79EFBC}") = "LAB9_4HTML", "LAB9_4HTML\LAB9_4HTML.csproj", "{8CF70926-AF0D-4F80-B092-EF781AEFFAA8}"
EndProject
Global
	GlobalSection(SolutionConfigurationPlatforms) = preSolution
		Debug|Any CPU = Debug|Any CPU
		Release|Any CPU = Release|Any CPU
	EndGlobalSection
	GlobalSection(ProjectConfigurationPlatforms) = postSolution
		{8CF70926-AF0D-4F80-B092-EF781AEFFAA8}.Debug|Any CPU.ActiveCfg = Debug|Any CPU
		{8CF70926-AF0D-4F80-B092-EF781AEFFAA8}.Debug|Any CPU.Build.0 = Debug|Any CPU
		{8CF70926-AF0D-4F80-B092-EF781AEFFAA8}.Release|Any CPU.ActiveCfg = Release|Any CPU
		{8CF70926-AF0D-4F80-B092-EF781AEFFAA8}.Release|Any CPU.Build.0 = Release|Any CPU
	EndGlobalSection
	GlobalSection(SolutionProperties) = preSolution
		HideSolutionNode = FALSE
	EndGlobalSection
	GlobalSection(ExtensibilityGlobals) = postSolution
		SolutionGuid = {E7AF3A70-89F4-43EF-A788-844708D78FCD}
	EndGlobalSection
EndGlobal
